
Microsoft Visual Studio Solution File, Format Version 12.00
# Visual Studio 14
VisualStudioVersion = 14.0.25420.1
MinimumVisualStudioVersion = 10.0.40219.1
Project("{2150E333-8FDC-42A3-9474-1A3956D46DE8}") = "Web Projects", "Web Projects", "{07DFF72F-EFB4-48CF-8B11-016F052417CE}"
EndProject
Project("{FAE04EC0-301F-11D3-BF4B-00C04F79EFBC}") = "DevLand Web Site", "Web Projects\DevLand Web Site\DevLand Web Site.csproj", "{282EBEEB-4AFD-4FD2-97B6-3C98DFE20882}"
EndProject
Global
	GlobalSection(SolutionConfigurationPlatforms) = preSolution
		Debug|Any CPU = Debug|Any CPU
		Release|Any CPU = Release|Any CPU
	EndGlobalSection
	GlobalSection(ProjectConfigurationPlatforms) = postSolution
		{282EBEEB-4AFD-4FD2-97B6-3C98DFE20882}.Debug|Any CPU.ActiveCfg = Debug|Any CPU
		{282EBEEB-4AFD-4FD2-97B6-3C98DFE20882}.Debug|Any CPU.Build.0 = Debug|Any CPU
		{282EBEEB-4AFD-4FD2-97B6-3C98DFE20882}.Release|Any CPU.ActiveCfg = Release|Any CPU
		{282EBEEB-4AFD-4FD2-97B6-3C98DFE20882}.Release|Any CPU.Build.0 = Release|Any CPU
	EndGlobalSection
	GlobalSection(SolutionProperties) = preSolution
		HideSolutionNode = FALSE
	EndGlobalSection
	GlobalSection(NestedProjects) = preSolution
		{282EBEEB-4AFD-4FD2-97B6-3C98DFE20882} = {07DFF72F-EFB4-48CF-8B11-016F052417CE}
	EndGlobalSection
EndGlobal
